
Microsoft Visual Studio Solution File, Format Version 12.00
# Visual Studio Version 16
VisualStudioVersion = 16.0.29519.181
MinimumVisualStudioVersion = 10.0.40219.1
Project("{FAE04EC0-301F-11D3-BF4B-00C04F79EFBC}") = "Course", "Course\Course.csproj", "{1D1BF018-1A3A-46AF-A98A-490A749B048B}"
EndProject
Global
	GlobalSection(SolutionConfigurationPlatforms) = preSolution
		Debug|Any CPU = Debug|Any CPU
		Release|Any CPU = Release|Any CPU
	EndGlobalSection
	GlobalSection(ProjectConfigurationPlatforms) = postSolution
		{1D1BF018-1A3A-46AF-A98A-490A749B048B}.Debug|Any CPU.ActiveCfg = Debug|Any CPU
		{1D1BF018-1A3A-46AF-A98A-490A749B048B}.Debug|Any CPU.Build.0 = Debug|Any CPU
		{1D1BF018-1A3A-46AF-A98A-490A749B048B}.Release|Any CPU.ActiveCfg = Release|Any CPU
		{1D1BF018-1A3A-46AF-A98A-490A749B048B}.Release|Any CPU.Build.0 = Release|Any CPU
	EndGlobalSection
	GlobalSection(SolutionProperties) = preSolution
		HideSolutionNode = FALSE
	EndGlobalSection
	GlobalSection(ExtensibilityGlobals) = postSolution
		SolutionGuid = {C034A0CE-9676-4737-993C-2D3C374F74FC}
	EndGlobalSection
EndGlobal
